
Microsoft Visual Studio Solution File, Format Version 12.00
# Visual Studio Version 17
VisualStudioVersion = 17.4.33122.133
MinimumVisualStudioVersion = 10.0.40219.1
Project("{FAE04EC0-301F-11D3-BF4B-00C04F79EFBC}") = "Student_info", "Student_info\Student_info.csproj", "{90E6ABE6-2578-4B7E-BFA7-15F8CA5B61BA}"
EndProject
Global
	GlobalSection(SolutionConfigurationPlatforms) = preSolution
		Debug|Any CPU = Debug|Any CPU
		Release|Any CPU = Release|Any CPU
	EndGlobalSection
	GlobalSection(ProjectConfigurationPlatforms) = postSolution
		{90E6ABE6-2578-4B7E-BFA7-15F8CA5B61BA}.Debug|Any CPU.ActiveCfg = Debug|Any CPU
		{90E6ABE6-2578-4B7E-BFA7-15F8CA5B61BA}.Debug|Any CPU.Build.0 = Debug|Any CPU
		{90E6ABE6-2578-4B7E-BFA7-15F8CA5B61BA}.Release|Any CPU.ActiveCfg = Release|Any CPU
		{90E6ABE6-2578-4B7E-BFA7-15F8CA5B61BA}.Release|Any CPU.Build.0 = Release|Any CPU
	EndGlobalSection
	GlobalSection(SolutionProperties) = preSolution
		HideSolutionNode = FALSE
	EndGlobalSection
	GlobalSection(ExtensibilityGlobals) = postSolution
		SolutionGuid = {E99F0C50-C749-415F-9A06-B8CFE74DD6A3}
	EndGlobalSection
EndGlobal
